
Microsoft Visual Studio Solution File, Format Version 12.00
# Visual Studio Version 17
VisualStudioVersion = 17.7.34018.315
MinimumVisualStudioVersion = 10.0.40219.1
Project("{9A19103F-16F7-4668-BE54-9A1E7A4F7556}") = "ejercicio1", "ejercicio1\ejercicio1.csproj", "{07005CFC-47BC-480A-A2A9-174966DA2C7E}"
EndProject
Project("{9A19103F-16F7-4668-BE54-9A1E7A4F7556}") = "Ejercicio2", "Ejercicio2\Ejercicio2.csproj", "{EAB0D582-4BA2-4C3C-865D-710075C396BD}"
EndProject
Project("{9A19103F-16F7-4668-BE54-9A1E7A4F7556}") = "ejercicio3", "ejercicio3\ejercicio3.csproj", "{0D460C20-C4AA-4652-B72F-C445251EB205}"
EndProject
Project("{9A19103F-16F7-4668-BE54-9A1E7A4F7556}") = "ejercicio4", "ejercicio4\ejercicio4.csproj", "{49F90F03-0F2E-477C-9557-9F7B9A125950}"
EndProject
Project("{9A19103F-16F7-4668-BE54-9A1E7A4F7556}") = "Ejercico5.2.2", "Ejercico5.2.2\Ejercico5.2.2.csproj", "{84B00834-F0EF-45D6-8550-3A138AC703AE}"
EndProject
Project("{9A19103F-16F7-4668-BE54-9A1E7A4F7556}") = "Ejercicio6.3.1", "Ejercicio6.3.1\Ejercicio6.3.1.csproj", "{37AF8068-1233-4CD7-96AB-EF98E463BC52}"
EndProject
Project("{9A19103F-16F7-4668-BE54-9A1E7A4F7556}") = "Ejercicio6.3.2", "Ejercicio6.3.2\Ejercicio6.3.2.csproj", "{967CE169-536B-4F6E-9C08-59560B2F1D00}"
EndProject
Project("{9A19103F-16F7-4668-BE54-9A1E7A4F7556}") = "Ejercicio7.4.1", "Ejercicio7.4.1\Ejercicio7.4.1.csproj", "{9053A02D-D1F4-4960-8F48-0753A0578909}"
EndProject
Project("{9A19103F-16F7-4668-BE54-9A1E7A4F7556}") = "C1E4", "C1E5\C1E4.csproj", "{8C7ADCEF-DE01-4AE7-B01D-CEC0A85971CE}"
EndProject
Project("{9A19103F-16F7-4668-BE54-9A1E7A4F7556}") = "C1Ej6", "C1Ej5\C1Ej6.csproj", "{D35F6850-733D-4BF8-8C8C-222681F6E52D}"
EndProject
Project("{9A19103F-16F7-4668-BE54-9A1E7A4F7556}") = "C1E7", "C1E7\C1E7.csproj", "{774DC32D-5A63-4E90-B866-5F452F0619F5}"
EndProject
Project("{9A19103F-16F7-4668-BE54-9A1E7A4F7556}") = "Ejercicio5.2.3", "Ejercicio5.2.3\Ejercicio5.2.3.csproj", "{EB9A5F7E-8CF2-4697-8148-A9119BED17A9}"
EndProject
Project("{9A19103F-16F7-4668-BE54-9A1E7A4F7556}") = "Ejercicio5.2.4", "Ejercicio5.2.4\Ejercicio5.2.4.csproj", "{4BD0D819-0F62-4882-B0A6-C73C7C66BEE1}"
EndProject
Project("{9A19103F-16F7-4668-BE54-9A1E7A4F7556}") = "Ejercicio6.3.3", "Ejercicio6.3.3\Ejercicio6.3.3.csproj", "{AC12F6A4-ABC8-4B01-B317-412F9AABD378}"
EndProject
Project("{9A19103F-16F7-4668-BE54-9A1E7A4F7556}") = "WinForms01", "WinForms01\WinForms01.csproj", "{3791BCF6-47B3-4C58-8FB1-13FA42F5A58C}"
EndProject
Project("{9A19103F-16F7-4668-BE54-9A1E7A4F7556}") = "WinForms02", "WinForms02\WinForms02.csproj", "{BE27CF55-7A33-4AF3-9060-B3D4E371CFDF}"
EndProject
Project("{9A19103F-16F7-4668-BE54-9A1E7A4F7556}") = "WinForms03", "WinForms03\WinForms03.csproj", "{9E4C5A6F-5309-424F-9DAE-335380DC7BDE}"
EndProject
Project("{9A19103F-16F7-4668-BE54-9A1E7A4F7556}") = "WinForms04", "WinForms04\WinForms04.csproj", "{4839CD86-A56E-4AC0-B1F8-E42D5B20792A}"
EndProject
Project("{9A19103F-16F7-4668-BE54-9A1E7A4F7556}") = "WinFormsRepaso1", "WinFormsRepaso1\WinFormsRepaso1.csproj", "{0FC6805B-CF00-4A04-811A-987F8B763CE5}"
EndProject
Project("{FAE04EC0-301F-11D3-BF4B-00C04F79EFBC}") = "Cl6Ej.I01", "Cl6Ej.I01\Cl6Ej.I01.csproj", "{10641261-B34D-4C19-AC1A-36F421C2F426}"
EndProject
Global
	GlobalSection(SolutionConfigurationPlatforms) = preSolution
		Debug|Any CPU = Debug|Any CPU
		Release|Any CPU = Release|Any CPU
	EndGlobalSection
	GlobalSection(ProjectConfigurationPlatforms) = postSolution
		{07005CFC-47BC-480A-A2A9-174966DA2C7E}.Debug|Any CPU.ActiveCfg = Debug|Any CPU
		{07005CFC-47BC-480A-A2A9-174966DA2C7E}.Debug|Any CPU.Build.0 = Debug|Any CPU
		{07005CFC-47BC-480A-A2A9-174966DA2C7E}.Release|Any CPU.ActiveCfg = Release|Any CPU
		{07005CFC-47BC-480A-A2A9-174966DA2C7E}.Release|Any CPU.Build.0 = Release|Any CPU
		{EAB0D582-4BA2-4C3C-865D-710075C396BD}.Debug|Any CPU.ActiveCfg = Debug|Any CPU
		{EAB0D582-4BA2-4C3C-865D-710075C396BD}.Debug|Any CPU.Build.0 = Debug|Any CPU
		{EAB0D582-4BA2-4C3C-865D-710075C396BD}.Release|Any CPU.ActiveCfg = Release|Any CPU
		{EAB0D582-4BA2-4C3C-865D-710075C396BD}.Release|Any CPU.Build.0 = Release|Any CPU
		{0D460C20-C4AA-4652-B72F-C445251EB205}.Debug|Any CPU.ActiveCfg = Debug|Any CPU
		{0D460C20-C4AA-4652-B72F-C445251EB205}.Debug|Any CPU.Build.0 = Debug|Any CPU
		{0D460C20-C4AA-4652-B72F-C445251EB205}.Release|Any CPU.ActiveCfg = Release|Any CPU
		{0D460C20-C4AA-4652-B72F-C445251EB205}.Release|Any CPU.Build.0 = Release|Any CPU
		{49F90F03-0F2E-477C-9557-9F7B9A125950}.Debug|Any CPU.ActiveCfg = Debug|Any CPU
		{49F90F03-0F2E-477C-9557-9F7B9A125950}.Debug|Any CPU.Build.0 = Debug|Any CPU
		{49F90F03-0F2E-477C-9557-9F7B9A125950}.Release|Any CPU.ActiveCfg = Release|Any CPU
		{49F90F03-0F2E-477C-9557-9F7B9A125950}.Release|Any CPU.Build.0 = Release|Any CPU
		{84B00834-F0EF-45D6-8550-3A138AC703AE}.Debug|Any CPU.ActiveCfg = Debug|Any CPU
		{84B00834-F0EF-45D6-8550-3A138AC703AE}.Debug|Any CPU.Build.0 = Debug|Any CPU
		{84B00834-F0EF-45D6-8550-3A138AC703AE}.Release|Any CPU.ActiveCfg = Release|Any CPU
		{84B00834-F0EF-45D6-8550-3A138AC703AE}.Release|Any CPU.Build.0 = Release|Any CPU
		{37AF8068-1233-4CD7-96AB-EF98E463BC52}.Debug|Any CPU.ActiveCfg = Debug|Any CPU
		{37AF8068-1233-4CD7-96AB-EF98E463BC52}.Debug|Any CPU.Build.0 = Debug|Any CPU
		{37AF8068-1233-4CD7-96AB-EF98E463BC52}.Release|Any CPU.ActiveCfg = Release|Any CPU
		{37AF8068-1233-4CD7-96AB-EF98E463BC52}.Release|Any CPU.Build.0 = Release|Any CPU
		{967CE169-536B-4F6E-9C08-59560B2F1D00}.Debug|Any CPU.ActiveCfg = Debug|Any CPU
		{967CE169-536B-4F6E-9C08-59560B2F1D00}.Debug|Any CPU.Build.0 = Debug|Any CPU
		{967CE169-536B-4F6E-9C08-59560B2F1D00}.Release|Any CPU.ActiveCfg = Release|Any CPU
		{967CE169-536B-4F6E-9C08-59560B2F1D00}.Release|Any CPU.Build.0 = Release|Any CPU
		{9053A02D-D1F4-4960-8F48-0753A0578909}.Debug|Any CPU.ActiveCfg = Debug|Any CPU
		{9053A02D-D1F4-4960-8F48-0753A0578909}.Debug|Any CPU.Build.0 = Debug|Any CPU
		{9053A02D-D1F4-4960-8F48-0753A0578909}.Release|Any CPU.ActiveCfg = Release|Any CPU
		{9053A02D-D1F4-4960-8F48-0753A0578909}.Release|Any CPU.Build.0 = Release|Any CPU
		{8C7ADCEF-DE01-4AE7-B01D-CEC0A85971CE}.Debug|Any CPU.ActiveCfg = Debug|Any CPU
		{8C7ADCEF-DE01-4AE7-B01D-CEC0A85971CE}.Debug|Any CPU.Build.0 = Debug|Any CPU
		{8C7ADCEF-DE01-4AE7-B01D-CEC0A85971CE}.Release|Any CPU.ActiveCfg = Release|Any CPU
		{8C7ADCEF-DE01-4AE7-B01D-CEC0A85971CE}.Release|Any CPU.Build.0 = Release|Any CPU
		{D35F6850-733D-4BF8-8C8C-222681F6E52D}.Debug|Any CPU.ActiveCfg = Debug|Any CPU
		{D35F6850-733D-4BF8-8C8C-222681F6E52D}.Debug|Any CPU.Build.0 = Debug|Any CPU
		{D35F6850-733D-4BF8-8C8C-222681F6E52D}.Release|Any CPU.ActiveCfg = Release|Any CPU
		{D35F6850-733D-4BF8-8C8C-222681F6E52D}.Release|Any CPU.Build.0 = Release|Any CPU
		{774DC32D-5A63-4E90-B866-5F452F0619F5}.Debug|Any CPU.ActiveCfg = Debug|Any CPU
		{774DC32D-5A63-4E90-B866-5F452F0619F5}.Debug|Any CPU.Build.0 = Debug|Any CPU
		{774DC32D-5A63-4E90-B866-5F452F0619F5}.Release|Any CPU.ActiveCfg = Release|Any CPU
		{774DC32D-5A63-4E90-B866-5F452F0619F5}.Release|Any CPU.Build.0 = Release|Any CPU
		{EB9A5F7E-8CF2-4697-8148-A9119BED17A9}.Debug|Any CPU.ActiveCfg = Debug|Any CPU
		{EB9A5F7E-8CF2-4697-8148-A9119BED17A9}.Debug|Any CPU.Build.0 = Debug|Any CPU
		{EB9A5F7E-8CF2-4697-8148-A9119BED17A9}.Release|Any CPU.ActiveCfg = Release|Any CPU
		{EB9A5F7E-8CF2-4697-8148-A9119BED17A9}.Release|Any CPU.Build.0 = Release|Any CPU
		{4BD0D819-0F62-4882-B0A6-C73C7C66BEE1}.Debug|Any CPU.ActiveCfg = Debug|Any CPU
		{4BD0D819-0F62-4882-B0A6-C73C7C66BEE1}.Debug|Any CPU.Build.0 = Debug|Any CPU
		{4BD0D819-0F62-4882-B0A6-C73C7C66BEE1}.Release|Any CPU.ActiveCfg = Release|Any CPU
		{4BD0D819-0F62-4882-B0A6-C73C7C66BEE1}.Release|Any CPU.Build.0 = Release|Any CPU
		{AC12F6A4-ABC8-4B01-B317-412F9AABD378}.Debug|Any CPU.ActiveCfg = Debug|Any CPU
		{AC12F6A4-ABC8-4B01-B317-412F9AABD378}.Debug|Any CPU.Build.0 = Debug|Any CPU
		{AC12F6A4-ABC8-4B01-B317-412F9AABD378}.Release|Any CPU.ActiveCfg = Release|Any CPU
		{AC12F6A4-ABC8-4B01-B317-412F9AABD378}.Release|Any CPU.Build.0 = Release|Any CPU
		{3791BCF6-47B3-4C58-8FB1-13FA42F5A58C}.Debug|Any CPU.ActiveCfg = Debug|Any CPU
		{3791BCF6-47B3-4C58-8FB1-13FA42F5A58C}.Debug|Any CPU.Build.0 = Debug|Any CPU
		{3791BCF6-47B3-4C58-8FB1-13FA42F5A58C}.Release|Any CPU.ActiveCfg = Release|Any CPU
		{3791BCF6-47B3-4C58-8FB1-13FA42F5A58C}.Release|Any CPU.Build.0 = Release|Any CPU
		{BE27CF55-7A33-4AF3-9060-B3D4E371CFDF}.Debug|Any CPU.ActiveCfg = Debug|Any CPU
		{BE27CF55-7A33-4AF3-9060-B3D4E371CFDF}.Debug|Any CPU.Build.0 = Debug|Any CPU
		{BE27CF55-7A33-4AF3-9060-B3D4E371CFDF}.Release|Any CPU.ActiveCfg = Release|Any CPU
		{BE27CF55-7A33-4AF3-9060-B3D4E371CFDF}.Release|Any CPU.Build.0 = Release|Any CPU
		{9E4C5A6F-5309-424F-9DAE-335380DC7BDE}.Debug|Any CPU.ActiveCfg = Debug|Any CPU
		{9E4C5A6F-5309-424F-9DAE-335380DC7BDE}.Debug|Any CPU.Build.0 = Debug|Any CPU
		{9E4C5A6F-5309-424F-9DAE-335380DC7BDE}.Release|Any CPU.ActiveCfg = Release|Any CPU
		{9E4C5A6F-5309-424F-9DAE-335380DC7BDE}.Release|Any CPU.Build.0 = Release|Any CPU
		{4839CD86-A56E-4AC0-B1F8-E42D5B20792A}.Debug|Any CPU.ActiveCfg = Debug|Any CPU
		{4839CD86-A56E-4AC0-B1F8-E42D5B20792A}.Debug|Any CPU.Build.0 = Debug|Any CPU
		{4839CD86-A56E-4AC0-B1F8-E42D5B20792A}.Release|Any CPU.ActiveCfg = Release|Any CPU
		{4839CD86-A56E-4AC0-B1F8-E42D5B20792A}.Release|Any CPU.Build.0 = Release|Any CPU
		{0FC6805B-CF00-4A04-811A-987F8B763CE5}.Debug|Any CPU.ActiveCfg = Debug|Any CPU
		{0FC6805B-CF00-4A04-811A-987F8B763CE5}.Debug|Any CPU.Build.0 = Debug|Any CPU
		{0FC6805B-CF00-4A04-811A-987F8B763CE5}.Release|Any CPU.ActiveCfg = Release|Any CPU
		{0FC6805B-CF00-4A04-811A-987F8B763CE5}.Release|Any CPU.Build.0 = Release|Any CPU
		{10641261-B34D-4C19-AC1A-36F421C2F426}.Debug|Any CPU.ActiveCfg = Debug|Any CPU
		{10641261-B34D-4C19-AC1A-36F421C2F426}.Debug|Any CPU.Build.0 = Debug|Any CPU
		{10641261-B34D-4C19-AC1A-36F421C2F426}.Release|Any CPU.ActiveCfg = Release|Any CPU
		{10641261-B34D-4C19-AC1A-36F421C2F426}.Release|Any CPU.Build.0 = Release|Any CPU
	EndGlobalSection
	GlobalSection(SolutionProperties) = preSolution
		HideSolutionNode = FALSE
	EndGlobalSection
	GlobalSection(ExtensibilityGlobals) = postSolution
		SolutionGuid = {2D751258-08A0-47B0-9C04-C4481A34B2B6}
	EndGlobalSection
EndGlobal
